PODS:
  - ReactiveSwift (7.0.0)
  - TestDevPod (0.1.0):
    - ReactiveSwift

DEPENDENCIES:
  - ReactiveSwift (= 7.0.0)
  - TestDevPod (from `./SDK/TestDevPod`)

SPEC REPOS:
  trunk:
    - ReactiveSwift

EXTERNAL SOURCES:
  TestDevPod:
    :path: "./SDK/TestDevPod"

SPEC CHECKSUMS:
  ReactiveSwift: 48c4b9d3b497e8dd20b10300bb1a28ff93550f13
  TestDevPod: 6d854ff15c1111e66ee2cc75ddecbf40a6953ced

PODFILE CHECKSUM: 5d6139ab495e118c25da626a10673f453e50af15

COCOAPODS: 1.11.0
