// !$*UTF8*$!
{
	archiveVersion = 1;
	classes = {
	};
	objectVersion = 55;
	objects = {

/* Begin PBXBuildFile section */
		37C307EA6D9BB8F64BBBC75B /* Pods_TestXCRC.framework in Frameworks */ = {isa = PBXBuildFile; fileRef = EFF486267058AED2899CF505 /* Pods_TestXCRC.framework */; };
		4AE38F4D27A3E1C300C22F25 /* AppDelegate.m in Sources */ = {isa = PBXBuildFile; fileRef = 4AE38F4C27A3E1C300C22F25 /* AppDelegate.m */; };
		4AE38F5027A3E1C300C22F25 /* SceneDelegate.m in Sources */ = {isa = PBXBuildFile; fileRef = 4AE38F4F27A3E1C300C22F25 /* SceneDelegate.m */; };
		4AE38F5327A3E1C300C22F25 /* ViewController.m in Sources */ = {isa = PBXBuildFile; fileRef = 4AE38F5227A3E1C300C22F25 /* ViewController.m */; };
		4AE38F5627A3E1C300C22F25 /* Main.storyboard in Resources */ = {isa = PBXBuildFile; fileRef = 4AE38F5427A3E1C300C22F25 /* Main.storyboard */; };
		4AE38F5827A3E1C500C22F25 /* Assets.xcassets in Resources */ = {isa = PBXBuildFile; fileRef = 4AE38F5727A3E1C500C22F25 /* Assets.xcassets */; };
		4AE38F5B27A3E1C500C22F25 /* LaunchScreen.storyboard in Resources */ = {isa = PBXBuildFile; fileRef = 4AE38F5927A3E1C500C22F25 /* LaunchScreen.storyboard */; };
		4AE38F5E27A3E1C500C22F25 /* main.m in Sources */ = {isa = PBXBuildFile; fileRef = 4AE38F5D27A3E1C500C22F25 /* main.m */; };
/* End PBXBuildFile section */

/* Begin PBXFileReference section */
		4AE38F4827A3E1C300C22F25 /* TestXCRC.app */ = {isa = PBXFileReference; explicitFileType = wrapper.application; includeInIndex = 0; path = TestXCRC.app; sourceTree = BUILT_PRODUCTS_DIR; };
		4AE38F4B27A3E1C300C22F25 /* AppDelegate.h */ = {isa = PBXFileReference; lastKnownFileType = sourcecode.c.h; path = AppDelegate.h; sourceTree = "<group>"; };
		4AE38F4C27A3E1C300C22F25 /* AppDelegate.m */ = {isa = PBXFileReference; lastKnownFileType = sourcecode.c.objc; path = AppDelegate.m; sourceTree = "<group>"; };
		4AE38F4E27A3E1C300C22F25 /* SceneDelegate.h */ = {isa = PBXFileReference; lastKnownFileType = sourcecode.c.h; path = SceneDelegate.h; sourceTree = "<group>"; };
		4AE38F4F27A3E1C300C22F25 /* SceneDelegate.m */ = {isa = PBXFileReference; lastKnownFileType = sourcecode.c.objc; path = SceneDelegate.m; sourceTree = "<group>"; };
		4AE38F5127A3E1C300C22F25 /* ViewController.h */ = {isa = PBXFileReference; lastKnownFileType = sourcecode.c.h; path = ViewController.h; sourceTree = "<group>"; };
		4AE38F5227A3E1C300C22F25 /* ViewController.m */ = {isa = PBXFileReference; lastKnownFileType = sourcecode.c.objc; path = ViewController.m; sourceTree = "<group>"; };
		4AE38F5527A3E1C300C22F25 /* Base */ = {isa = PBXFileReference; lastKnownFileType = file.storyboard; name = Base; path = Base.lproj/Main.storyboard; sourceTree = "<group>"; };
		4AE38F5727A3E1C500C22F25 /* Assets.xcassets */ = {isa = PBXFileReference; lastKnownFileType = folder.assetcatalog; path = Assets.xcassets; sourceTree = "<group>"; };
		4AE38F5A27A3E1C500C22F25 /* Base */ = {isa = PBXFileReference; lastKnownFileType = file.storyboard; name = Base; path = Base.lproj/LaunchScreen.storyboard; sourceTree = "<group>"; };
		4AE38F5C27A3E1C500C22F25 /* Info.plist */ = {isa = PBXFileReference; lastKnownFileType = text.plist.xml; path = Info.plist; sourceTree = "<group>"; };
		4AE38F5D27A3E1C500C22F25 /* main.m */ = {isa = PBXFileReference; lastKnownFileType = sourcecode.c.objc; path = main.m; sourceTree = "<group>"; };
		9582D8E0D3C1EE8842AEC6AC /* Pods-TestXCRC.release.xcconfig */ = {isa = PBXFileReference; includeInIndex = 1; lastKnownFileType = text.xcconfig; name = "Pods-TestXCRC.release.xcconfig"; path = "Target Support Files/Pods-TestXCRC/Pods-TestXCRC.release.xcconfig"; sourceTree = "<group>"; };
		D4B837D81CCF94B24D74EC20 /* Pods-TestXCRC.debug.xcconfig */ = {isa = PBXFileReference; includeInIndex = 1; lastKnownFileType = text.xcconfig; name = "Pods-TestXCRC.debug.xcconfig"; path = "Target Support Files/Pods-TestXCRC/Pods-TestXCRC.debug.xcconfig"; sourceTree = "<group>"; };
		EFF486267058AED2899CF505 /* Pods_TestXCRC.framework */ = {isa = PBXFileReference; explicitFileType = wrapper.framework; includeInIndex = 0; path = Pods_TestXCRC.framework; sourceTree = BUILT_PRODUCTS_DIR; };
/* End PBXFileReference section */

/* Begin PBXFrameworksBuildPhase section */
		4AE38F4527A3E1C300C22F25 /* Frameworks */ = {
			isa = PBXFrameworksBuildPhase;
			buildActionMask = 2147483647;
			files = (
				37C307EA6D9BB8F64BBBC75B /* Pods_TestXCRC.framework in Frameworks */,
			);
			runOnlyForDeploymentPostprocessing = 0;
		};
/* End PBXFrameworksBuildPhase section */

/* Begin PBXGroup section */
		318910936B635E5A6B0BE015 /* Pods */ = {
			isa = PBXGroup;
			children = (
				D4B837D81CCF94B24D74EC20 /* Pods-TestXCRC.debug.xcconfig */,
				9582D8E0D3C1EE8842AEC6AC /* Pods-TestXCRC.release.xcconfig */,
			);
			path = Pods;
			sourceTree = "<group>";
		};
		4AE38F3F27A3E1C300C22F25 = {
			isa = PBXGroup;
			children = (
				4AE38F4A27A3E1C300C22F25 /* TestXCRC */,
				4AE38F4927A3E1C300C22F25 /* Products */,
				318910936B635E5A6B0BE015 /* Pods */,
				A3B3ADEE0E701B394FED3A09 /* Frameworks */,
			);
			sourceTree = "<group>";
		};
		4AE38F4927A3E1C300C22F25 /* Products */ = {
			isa = PBXGroup;
			children = (
				4AE38F4827A3E1C300C22F25 /* TestXCRC.app */,
			);
			name = Products;
			sourceTree = "<group>";
		};
		4AE38F4A27A3E1C300C22F25 /* TestXCRC */ = {
			isa = PBXGroup;
			children = (
				4AE38F4B27A3E1C300C22F25 /* AppDelegate.h */,
				4AE38F4C27A3E1C300C22F25 /* AppDelegate.m */,
				4AE38F4E27A3E1C300C22F25 /* SceneDelegate.h */,
				4AE38F4F27A3E1C300C22F25 /* SceneDelegate.m */,
				4AE38F5127A3E1C300C22F25 /* ViewController.h */,
				4AE38F5227A3E1C300C22F25 /* ViewController.m */,
				4AE38F5427A3E1C300C22F25 /* Main.storyboard */,
				4AE38F5727A3E1C500C22F25 /* Assets.xcassets */,
				4AE38F5927A3E1C500C22F25 /* LaunchScreen.storyboard */,
				4AE38F5C27A3E1C500C22F25 /* Info.plist */,
				4AE38F5D27A3E1C500C22F25 /* main.m */,
			);
			path = TestXCRC;
			sourceTree = "<group>";
		};
		A3B3ADEE0E701B394FED3A09 /* Frameworks */ = {
			isa = PBXGroup;
			children = (
				EFF486267058AED2899CF505 /* Pods_TestXCRC.framework */,
			);
			name = Frameworks;
			sourceTree = "<group>";
		};
/* End PBXGroup section */

/* Begin PBXNativeTarget section */
		4AE38F4727A3E1C300C22F25 /* TestXCRC */ = {
			isa = PBXNativeTarget;
			buildConfigurationList = 4AE38F6127A3E1C500C22F25 /* Build configuration list for PBXNativeTarget "TestXCRC" */;
			buildPhases = (
				4E896C44F763DC762A647E39 /* [CP] Check Pods Manifest.lock */,
				4AE38F4427A3E1C300C22F25 /* Sources */,
				4AE38F4527A3E1C300C22F25 /* Frameworks */,
				4AE38F4627A3E1C300C22F25 /* Resources */,
				A904A9C8C5FEB5B84C9F559C /* [CP] Embed Pods Frameworks */,
				34B0781A0B264A9CB0E6363A /* [XCRC] Postbuild */,
				C1C96337ACAB4A0D922FE240 /* [XCRC] Mark */,
			);
			buildRules = (
			);
			dependencies = (
			);
			name = TestXCRC;
			productName = TestXCRC;
			productReference = 4AE38F4827A3E1C300C22F25 /* TestXCRC.app */;
			productType = "com.apple.product-type.application";
		};
/* End PBXNativeTarget section */

/* Begin PBXProject section */
		4AE38F4027A3E1C300C22F25 /* Project object */ = {
			isa = PBXProject;
			attributes = {
				BuildIndependentTargetsInParallel = 1;
				LastUpgradeCheck = 1320;
				TargetAttributes = {
					4AE38F4727A3E1C300C22F25 = {
						CreatedOnToolsVersion = 13.2.1;
					};
				};
			};
			buildConfigurationList = 4AE38F4327A3E1C300C22F25 /* Build configuration list for PBXProject "TestXCRC" */;
			compatibilityVersion = "Xcode 13.0";
			developmentRegion = en;
			hasScannedForEncodings = 0;
			knownRegions = (
				en,
				Base,
			);
			mainGroup = 4AE38F3F27A3E1C300C22F25;
			productRefGroup = 4AE38F4927A3E1C300C22F25 /* Products */;
			projectDirPath = "";
			projectRoot = "";
			targets = (
				4AE38F4727A3E1C300C22F25 /* TestXCRC */,
			);
		};
/* End PBXProject section */

/* Begin PBXResourcesBuildPhase section */
		4AE38F4627A3E1C300C22F25 /* Resources */ = {
			isa = PBXResourcesBuildPhase;
			buildActionMask = 2147483647;
			files = (
				4AE38F5B27A3E1C500C22F25 /* LaunchScreen.storyboard in Resources */,
				4AE38F5827A3E1C500C22F25 /* Assets.xcassets in Resources */,
				4AE38F5627A3E1C300C22F25 /* Main.storyboard in Resources */,
			);
			runOnlyForDeploymentPostprocessing = 0;
		};
/* End PBXResourcesBuildPhase section */

/* Begin PBXShellScriptBuildPhase section */
		34B0781A0B264A9CB0E6363A /* [XCRC] Postbuild */ = {
			isa = PBXShellScriptBuildPhase;
			buildActionMask = 2147483647;
			dependencyFile = "$(TARGET_TEMP_DIR)/postbuild.d";
			files = (
			);
			inputFileListPaths = (
			);
			inputPaths = (
				"$SRCROOT/XCRC/xcpostbuild",
			);
			name = "[XCRC] Postbuild";
			outputFileListPaths = (
			);
			outputPaths = (
				"$(TARGET_BUILD_DIR)/$(MODULES_FOLDER_PATH)/$(PRODUCT_MODULE_NAME).swiftmodule/$(XCRC_PLATFORM_PREFERRED_ARCH).swiftmodule.md5",
				"$(TARGET_BUILD_DIR)/$(MODULES_FOLDER_PATH)/$(PRODUCT_MODULE_NAME).swiftmodule/$(XCRC_PLATFORM_PREFERRED_ARCH)-$(LLVM_TARGET_TRIPLE_VENDOR)-$(SWIFT_PLATFORM_TARGET_PREFIX)$(LLVM_TARGET_TRIPLE_SUFFIX).swiftmodule.md5",
			);
			runOnlyForDeploymentPostprocessing = 0;
			shellPath = /bin/sh;
			shellScript = "\"$SCRIPT_INPUT_FILE_0\"";
		};
		4E896C44F763DC762A647E39 /* [CP] Check Pods Manifest.lock */ = {
			isa = PBXShellScriptBuildPhase;
			buildActionMask = 2147483647;
			files = (
			);
			inputFileListPaths = (
			);
			inputPaths = (
				"${PODS_PODFILE_DIR_PATH}/Podfile.lock",
				"${PODS_ROOT}/Manifest.lock",
			);
			name = "[CP] Check Pods Manifest.lock";
			outputFileListPaths = (
			);
			outputPaths = (
				"$(DERIVED_FILE_DIR)/Pods-TestXCRC-checkManifestLockResult.txt",
			);
			runOnlyForDeploymentPostprocessing = 0;
			shellPath = /bin/sh;
			shellScript = "diff \"${PODS_PODFILE_DIR_PATH}/Podfile.lock\" \"${PODS_ROOT}/Manifest.lock\" > /dev/null\nif [ $? != 0 ] ; then\n    # print error to STDERR\n    echo \"error: The sandbox is not in sync with the Podfile.lock. Run 'pod install' or update your CocoaPods installation.\" >&2\n    exit 1\nfi\n# This output is used by Xcode 'outputs' to avoid re-running this script phase.\necho \"SUCCESS\" > \"${SCRIPT_OUTPUT_FILE_0}\"\n";
			showEnvVarsInLog = 0;
		};
		A904A9C8C5FEB5B84C9F559C /* [CP] Embed Pods Frameworks */ = {
			isa = PBXShellScriptBuildPhase;
			buildActionMask = 2147483647;
			files = (
			);
			inputFileListPaths = (
				"${PODS_ROOT}/Target Support Files/Pods-TestXCRC/Pods-TestXCRC-frameworks-${CONFIGURATION}-input-files.xcfilelist",
			);
			name = "[CP] Embed Pods Frameworks";
			outputFileListPaths = (
				"${PODS_ROOT}/Target Support Files/Pods-TestXCRC/Pods-TestXCRC-frameworks-${CONFIGURATION}-output-files.xcfilelist",
			);
			runOnlyForDeploymentPostprocessing = 0;
			shellPath = /bin/sh;
			shellScript = "\"${PODS_ROOT}/Target Support Files/Pods-TestXCRC/Pods-TestXCRC-frameworks.sh\"\n";
			showEnvVarsInLog = 0;
		};
		C1C96337ACAB4A0D922FE240 /* [XCRC] Mark */ = {
			isa = PBXShellScriptBuildPhase;
			buildActionMask = 2147483647;
			files = (
			);
			inputFileListPaths = (
			);
			inputPaths = (
				"$SRCROOT/XCRC/xcprepare",
			);
			name = "[XCRC] Mark";
			outputFileListPaths = (
			);
			outputPaths = (
			);
			runOnlyForDeploymentPostprocessing = 0;
			shellPath = /bin/sh;
			shellScript = "\"$SCRIPT_INPUT_FILE_0\" mark --configuration $CONFIGURATION --platform $PLATFORM_NAME";
		};
/* End PBXShellScriptBuildPhase section */

/* Begin PBXSourcesBuildPhase section */
		4AE38F4427A3E1C300C22F25 /* Sources */ = {
			isa = PBXSourcesBuildPhase;
			buildActionMask = 2147483647;
			files = (
				4AE38F5327A3E1C300C22F25 /* ViewController.m in Sources */,
				4AE38F4D27A3E1C300C22F25 /* AppDelegate.m in Sources */,
				4AE38F5E27A3E1C500C22F25 /* main.m in Sources */,
				4AE38F5027A3E1C300C22F25 /* SceneDelegate.m in Sources */,
			);
			runOnlyForDeploymentPostprocessing = 0;
		};
/* End PBXSourcesBuildPhase section */

/* Begin PBXVariantGroup section */
		4AE38F5427A3E1C300C22F25 /* Main.storyboard */ = {
			isa = PBXVariantGroup;
			children = (
				4AE38F5527A3E1C300C22F25 /* Base */,
			);
			name = Main.storyboard;
			sourceTree = "<group>";
		};
		4AE38F5927A3E1C500C22F25 /* LaunchScreen.storyboard */ = {
			isa = PBXVariantGroup;
			children = (
				4AE38F5A27A3E1C500C22F25 /* Base */,
			);
			name = LaunchScreen.storyboard;
			sourceTree = "<group>";
		};
/* End PBXVariantGroup section */

/* Begin XCBuildConfiguration section */
		4AE38F5F27A3E1C500C22F25 /* Debug */ = {
			isa = XCBuildConfiguration;
			buildSettings = {
				ALWAYS_SEARCH_USER_PATHS = NO;
				CLANG_ANALYZER_NONNULL = YES;
				CLANG_ANALYZER_NUMBER_OBJECT_CONVERSION = YES_AGGRESSIVE;
				CLANG_CXX_LANGUAGE_STANDARD = "gnu++17";
				CLANG_CXX_LIBRARY = "libc++";
				CLANG_ENABLE_MODULES = YES;
				CLANG_ENABLE_OBJC_ARC = YES;
				CLANG_ENABLE_OBJC_WEAK = YES;
				CLANG_WARN_BLOCK_CAPTURE_AUTORELEASING = YES;
				CLANG_WARN_BOOL_CONVERSION = YES;
				CLANG_WARN_COMMA = YES;
				CLANG_WARN_CONSTANT_CONVERSION = YES;
				CLANG_WARN_DEPRECATED_OBJC_IMPLEMENTATIONS = YES;
				CLANG_WARN_DIRECT_OBJC_ISA_USAGE = YES_ERROR;
				CLANG_WARN_DOCUMENTATION_COMMENTS = YES;
				CLANG_WARN_EMPTY_BODY = YES;
				CLANG_WARN_ENUM_CONVERSION = YES;
				CLANG_WARN_INFINITE_RECURSION = YES;
				CLANG_WARN_INT_CONVERSION = YES;
				CLANG_WARN_NON_LITERAL_NULL_CONVERSION = YES;
				CLANG_WARN_OBJC_IMPLICIT_RETAIN_SELF = YES;
				CLANG_WARN_OBJC_LITERAL_CONVERSION = YES;
				CLANG_WARN_OBJC_ROOT_CLASS = YES_ERROR;
				CLANG_WARN_QUOTED_INCLUDE_IN_FRAMEWORK_HEADER = YES;
				CLANG_WARN_RANGE_LOOP_ANALYSIS = YES;
				CLANG_WARN_STRICT_PROTOTYPES = YES;
				CLANG_WARN_SUSPICIOUS_MOVE = YES;
				CLANG_WARN_UNGUARDED_AVAILABILITY = YES_AGGRESSIVE;
				CLANG_WARN_UNREACHABLE_CODE = YES;
				CLANG_WARN__DUPLICATE_METHOD_MATCH = YES;
				COPY_PHASE_STRIP = NO;
				DEBUG_INFORMATION_FORMAT = dwarf;
				ENABLE_STRICT_OBJC_MSGSEND = YES;
				ENABLE_TESTABILITY = YES;
				GCC_C_LANGUAGE_STANDARD = gnu11;
				GCC_DYNAMIC_NO_PIC = NO;
				GCC_NO_COMMON_BLOCKS = YES;
				GCC_OPTIMIZATION_LEVEL = 0;
				GCC_PREPROCESSOR_DEFINITIONS = (
					"DEBUG=1",
					"$(inherited)",
				);
				GCC_WARN_64_TO_32_BIT_CONVERSION = YES;
				GCC_WARN_ABOUT_RETURN_TYPE = YES_ERROR;
				GCC_WARN_UNDECLARED_SELECTOR = YES;
				GCC_WARN_UNINITIALIZED_AUTOS = YES_AGGRESSIVE;
				GCC_WARN_UNUSED_FUNCTION = YES;
				GCC_WARN_UNUSED_VARIABLE = YES;
				IPHONEOS_DEPLOYMENT_TARGET = 14.7;
				MTL_ENABLE_DEBUG_INFO = INCLUDE_SOURCE;
				MTL_FAST_MATH = YES;
				ONLY_ACTIVE_ARCH = YES;
				SDKROOT = iphoneos;
			};
			name = Debug;
		};
		4AE38F6027A3E1C500C22F25 /* Release */ = {
			isa = XCBuildConfiguration;
			buildSettings = {
				ALWAYS_SEARCH_USER_PATHS = NO;
				CLANG_ANALYZER_NONNULL = YES;
				CLANG_ANALYZER_NUMBER_OBJECT_CONVERSION = YES_AGGRESSIVE;
				CLANG_CXX_LANGUAGE_STANDARD = "gnu++17";
				CLANG_CXX_LIBRARY = "libc++";
				CLANG_ENABLE_MODULES = YES;
				CLANG_ENABLE_OBJC_ARC = YES;
				CLANG_ENABLE_OBJC_WEAK = YES;
				CLANG_WARN_BLOCK_CAPTURE_AUTORELEASING = YES;
				CLANG_WARN_BOOL_CONVERSION = YES;
				CLANG_WARN_COMMA = YES;
				CLANG_WARN_CONSTANT_CONVERSION = YES;
				CLANG_WARN_DEPRECATED_OBJC_IMPLEMENTATIONS = YES;
				CLANG_WARN_DIRECT_OBJC_ISA_USAGE = YES_ERROR;
				CLANG_WARN_DOCUMENTATION_COMMENTS = YES;
				CLANG_WARN_EMPTY_BODY = YES;
				CLANG_WARN_ENUM_CONVERSION = YES;
				CLANG_WARN_INFINITE_RECURSION = YES;
				CLANG_WARN_INT_CONVERSION = YES;
				CLANG_WARN_NON_LITERAL_NULL_CONVERSION = YES;
				CLANG_WARN_OBJC_IMPLICIT_RETAIN_SELF = YES;
				CLANG_WARN_OBJC_LITERAL_CONVERSION = YES;
				CLANG_WARN_OBJC_ROOT_CLASS = YES_ERROR;
				CLANG_WARN_QUOTED_INCLUDE_IN_FRAMEWORK_HEADER = YES;
				CLANG_WARN_RANGE_LOOP_ANALYSIS = YES;
				CLANG_WARN_STRICT_PROTOTYPES = YES;
				CLANG_WARN_SUSPICIOUS_MOVE = YES;
				CLANG_WARN_UNGUARDED_AVAILABILITY = YES_AGGRESSIVE;
				CLANG_WARN_UNREACHABLE_CODE = YES;
				CLANG_WARN__DUPLICATE_METHOD_MATCH = YES;
				COPY_PHASE_STRIP = NO;
				DEBUG_INFORMATION_FORMAT = "dwarf-with-dsym";
				ENABLE_NS_ASSERTIONS = NO;
				ENABLE_STRICT_OBJC_MSGSEND = YES;
				GCC_C_LANGUAGE_STANDARD = gnu11;
				GCC_NO_COMMON_BLOCKS = YES;
				GCC_WARN_64_TO_32_BIT_CONVERSION = YES;
				GCC_WARN_ABOUT_RETURN_TYPE = YES_ERROR;
				GCC_WARN_UNDECLARED_SELECTOR = YES;
				GCC_WARN_UNINITIALIZED_AUTOS = YES_AGGRESSIVE;
				GCC_WARN_UNUSED_FUNCTION = YES;
				GCC_WARN_UNUSED_VARIABLE = YES;
				IPHONEOS_DEPLOYMENT_TARGET = 14.7;
				MTL_ENABLE_DEBUG_INFO = NO;
				MTL_FAST_MATH = YES;
				SDKROOT = iphoneos;
				VALIDATE_PRODUCT = YES;
			};
			name = Release;
		};
		4AE38F6227A3E1C500C22F25 /* Debug */ = {
			isa = XCBuildConfiguration;
			baseConfigurationReference = D4B837D81CCF94B24D74EC20 /* Pods-TestXCRC.debug.xcconfig */;
			buildSettings = {
				ASSETCATALOG_COMPILER_APPICON_NAME = AppIcon;
				ASSETCATALOG_COMPILER_GLOBAL_ACCENT_COLOR_NAME = AccentColor;
				CODE_SIGN_STYLE = Automatic;
				CURRENT_PROJECT_VERSION = 1;
				DEVELOPMENT_TEAM = MJG3K77P6G;
				GENERATE_INFOPLIST_FILE = YES;
				INFOPLIST_FILE = TestXCRC/Info.plist;
				INFOPLIST_KEY_UIApplicationSupportsIndirectInputEvents = YES;
				INFOPLIST_KEY_UILaunchStoryboardName = LaunchScreen;
				INFOPLIST_KEY_UIMainStoryboardFile = Main;
				INFOPLIST_KEY_UISupportedInterfaceOrientations_iPad = "UIInterfaceOrientationPortrait UIInterfaceOrientationPortraitUpsideDown UIInterfaceOrientationLandscapeLeft UIInterfaceOrientationLandscapeRight";
				INFOPLIST_KEY_UISupportedInterfaceOrientations_iPhone = "UIInterfaceOrientationPortrait UIInterfaceOrientationLandscapeLeft UIInterfaceOrientationLandscapeRight";
				LD = "$SRCROOT/XCRC/xcld";
				LD_RUNPATH_SEARCH_PATHS = (
					"$(inherited)",
					"@executable_path/Frameworks",
				);
				LIBTOOL = "$SRCROOT/XCRC/xclibtool";
				MARKETING_VERSION = 1.0;
				OTHER_CFLAGS = (
					"$(inherited)",
					"-fdebug-prefix-map=$(SRCROOT)=$(XCREMOTE_CACHE_FAKE_SRCROOT)",
					" -fdebug-prefix-map=$(SRCROOT)=$(XCREMOTE_CACHE_FAKE_SRCROOT)",
				);
				OTHER_SWIFT_FLAGS = "$(inherited) -debug-prefix-map $(SRCROOT)=$(XCREMOTE_CACHE_FAKE_SRCROOT)";
				PRODUCT_BUNDLE_IDENTIFIER = test.ru.TestXCRC;
				PRODUCT_NAME = "$(TARGET_NAME)";
				SWIFT_EMIT_LOC_STRINGS = YES;
				SWIFT_EXEC = "$SRCROOT/XCRC/xcswiftc";
				TARGETED_DEVICE_FAMILY = "1,2";
				XCRC_PLATFORM_PREFERRED_ARCH = "$(LINK_FILE_LIST_$(CURRENT_VARIANT)_$(PLATFORM_PREFERRED_ARCH):dir:standardizepath:file:default=arm64)";
				XCREMOTE_CACHE_FAKE_SRCROOT = /xxxxxxxxxx;
			};
			name = Debug;
		};
		4AE38F6327A3E1C500C22F25 /* Release */ = {
			isa = XCBuildConfiguration;
			baseConfigurationReference = 9582D8E0D3C1EE8842AEC6AC /* Pods-TestXCRC.release.xcconfig */;
			buildSettings = {
				ASSETCATALOG_COMPILER_APPICON_NAME = AppIcon;
				ASSETCATALOG_COMPILER_GLOBAL_ACCENT_COLOR_NAME = AccentColor;
				CODE_SIGN_STYLE = Automatic;
				CURRENT_PROJECT_VERSION = 1;
				DEVELOPMENT_TEAM = MJG3K77P6G;
				GENERATE_INFOPLIST_FILE = YES;
				INFOPLIST_FILE = TestXCRC/Info.plist;
				INFOPLIST_KEY_UIApplicationSupportsIndirectInputEvents = YES;
				INFOPLIST_KEY_UILaunchStoryboardName = LaunchScreen;
				INFOPLIST_KEY_UIMainStoryboardFile = Main;
				INFOPLIST_KEY_UISupportedInterfaceOrientations_iPad = "UIInterfaceOrientationPortrait UIInterfaceOrientationPortraitUpsideDown UIInterfaceOrientationLandscapeLeft UIInterfaceOrientationLandscapeRight";
				INFOPLIST_KEY_UISupportedInterfaceOrientations_iPhone = "UIInterfaceOrientationPortrait UIInterfaceOrientationLandscapeLeft UIInterfaceOrientationLandscapeRight";
				LD = "$SRCROOT/XCRC/xcld";
				LD_RUNPATH_SEARCH_PATHS = (
					"$(inherited)",
					"@executable_path/Frameworks",
				);
				LIBTOOL = "$SRCROOT/XCRC/xclibtool";
				MARKETING_VERSION = 1.0;
				OTHER_CFLAGS = (
					"$(inherited)",
					"-fdebug-prefix-map=$(SRCROOT)=$(XCREMOTE_CACHE_FAKE_SRCROOT)",
					" -fdebug-prefix-map=$(SRCROOT)=$(XCREMOTE_CACHE_FAKE_SRCROOT)",
				);
				OTHER_SWIFT_FLAGS = "$(inherited) -debug-prefix-map $(SRCROOT)=$(XCREMOTE_CACHE_FAKE_SRCROOT)";
				PRODUCT_BUNDLE_IDENTIFIER = test.ru.TestXCRC;
				PRODUCT_NAME = "$(TARGET_NAME)";
				SWIFT_EMIT_LOC_STRINGS = YES;
				SWIFT_EXEC = "$SRCROOT/XCRC/xcswiftc";
				TARGETED_DEVICE_FAMILY = "1,2";
				XCRC_PLATFORM_PREFERRED_ARCH = "$(LINK_FILE_LIST_$(CURRENT_VARIANT)_$(PLATFORM_PREFERRED_ARCH):dir:standardizepath:file:default=arm64)";
				XCREMOTE_CACHE_FAKE_SRCROOT = /xxxxxxxxxx;
			};
			name = Release;
		};
/* End XCBuildConfiguration section */

/* Begin XCConfigurationList section */
		4AE38F4327A3E1C300C22F25 /* Build configuration list for PBXProject "TestXCRC" */ = {
			isa = XCConfigurationList;
			buildConfigurations = (
				4AE38F5F27A3E1C500C22F25 /* Debug */,
				4AE38F6027A3E1C500C22F25 /* Release */,
			);
			defaultConfigurationIsVisible = 0;
			defaultConfigurationName = Release;
		};
		4AE38F6127A3E1C500C22F25 /* Build configuration list for PBXNativeTarget "TestXCRC" */ = {
			isa = XCConfigurationList;
			buildConfigurations = (
				4AE38F6227A3E1C500C22F25 /* Debug */,
				4AE38F6327A3E1C500C22F25 /* Release */,
			);
			defaultConfigurationIsVisible = 0;
			defaultConfigurationName = Release;
		};
/* End XCConfigurationList section */
	};
	rootObject = 4AE38F4027A3E1C300C22F25 /* Project object */;
}
